
Microsoft Visual Studio Solution File, Format Version 12.00
# Visual Studio Version 17
VisualStudioVersion = 17.3.32922.545
MinimumVisualStudioVersion = 10.0.40219.1
Project("{FAE04EC0-301F-11D3-BF4B-00C04F79EFBC}") = "App2", "App2\App2.csproj", "{0F01836E-AA7B-4814-9306-BDE06D6F19AA}"
EndProject
Global
	GlobalSection(SolutionConfigurationPlatforms) = preSolution
		Debug|Any CPU = Debug|Any CPU
		Release|Any CPU = Release|Any CPU
	EndGlobalSection
	GlobalSection(ProjectConfigurationPlatforms) = postSolution
		{0F01836E-AA7B-4814-9306-BDE06D6F19AA}.Debug|Any CPU.ActiveCfg = Debug|Any CPU
		{0F01836E-AA7B-4814-9306-BDE06D6F19AA}.Debug|Any CPU.Build.0 = Debug|Any CPU
		{0F01836E-AA7B-4814-9306-BDE06D6F19AA}.Release|Any CPU.ActiveCfg = Release|Any CPU
		{0F01836E-AA7B-4814-9306-BDE06D6F19AA}.Release|Any CPU.Build.0 = Release|Any CPU
	EndGlobalSection
	GlobalSection(SolutionProperties) = preSolution
		HideSolutionNode = FALSE
	EndGlobalSection
	GlobalSection(ExtensibilityGlobals) = postSolution
		SolutionGuid = {C595F939-446E-403A-953C-7CEC889DC9E0}
	EndGlobalSection
EndGlobal
